<?xml version="1.0" encoding="UTF-8" standalone="yes" ?>
<CodeBlocks_project_file>
	<FileVersion major="1" minor="6" />
	<Project>
		<Option title="Seminar4" />
		<Option pch_mode="2" />
		<Option compiler="gcc" />
		<Build>
			<Target title="Debug">
				<Option output="bin/Debug/Seminar4" prefix_auto="1" extension_auto="1" />
				<Option object_output="obj/Debug/" />
				<Option type="1" />
				<Option compiler="gcc" />
				<Compiler>
					<Add option="-g" />
					<Add directory="./" />
				</Compiler>
			</Target>
			<Target title="Release">
				<Option output="bin/Release/Seminar4" prefix_auto="1" extension_auto="1" />
				<Option object_output="obj/Release/" />
				<Option type="1" />
				<Option compiler="gcc" />
				<Compiler>
					<Add option="-O2" />
					<Add directory="./" />
				</Compiler>
				<Linker>
					<Add option="-s" />
				</Linker>
			</Target>
		</Build>
		<Compiler>
			<Add option="-Wall" />
			<Add option="-fexceptions" />
		</Compiler>
		<Unit filename="Auto.cpp" />
		<Unit filename="Auto.h" />
		<Unit filename="AutoController.cpp" />
		<Unit filename="AutoController.h" />
		<Unit filename="AutoMemoryRepository.cpp" />
		<Unit filename="AutoMemoryRepository.h" />
		<Unit filename="AutoUI.cpp" />
		<Unit filename="AutoUI.h" />
		<Unit filename="Kunde.cpp" />
		<Unit filename="Kunde.h" />
		<Unit filename="LKW.cpp" />
		<Unit filename="LKW.h" />
		<Unit filename="PKW.cpp" />
		<Unit filename="PKW.h" />
		<Unit filename="Rental.cpp" />
		<Unit filename="Rental.h" />
		<Unit filename="main.cpp" />
		<Extensions />
	</Project>
</CodeBlocks_project_file>
